// !$*UTF8*$!
{
	archiveVersion = 1;
	classes = {
	};
	objectVersion = 46;
	objects = {

/* Begin PBXBuildFile section */
		E73FBE4413E564E400149C07 /* UIKit.framework in Frameworks */ = {isa = PBXBuildFile; fileRef = E73FBE4313E564E400149C07 /* UIKit.framework */; };
		E73FBE4613E564E400149C07 /* Foundation.framework in Frameworks */ = {isa = PBXBuildFile; fileRef = E73FBE4513E564E400149C07 /* Foundation.framework */; };
		E73FBE4813E564E400149C07 /* CoreGraphics.framework in Frameworks */ = {isa = PBXBuildFile; fileRef = E73FBE4713E564E400149C07 /* CoreGraphics.framework */; };
		E73FBE4E13E564E400149C07 /* InfoPlist.strings in Resources */ = {isa = PBXBuildFile; fileRef = E73FBE4C13E564E400149C07 /* InfoPlist.strings */; };
		E73FBE5013E564E400149C07 /* main.m in Sources */ = {isa = PBXBuildFile; fileRef = E73FBE4F13E564E400149C07 /* main.m */; };
		E73FBE5413E564E400149C07 /* MagicalRecordTestAppDelegate.m in Sources */ = {isa = PBXBuildFile; fileRef = E73FBE5313E564E400149C07 /* MagicalRecordTestAppDelegate.m */; };
/* End PBXBuildFile section */

/* Begin PBXFileReference section */
		E73FBE3F13E564E400149C07 /* MagicalRecordTest.app */ = {isa = PBXFileReference; explicitFileType = wrapper.application; includeInIndex = 0; path = MagicalRecordTest.app; sourceTree = BUILT_PRODUCTS_DIR; };
		E73FBE4313E564E400149C07 /* UIKit.framework */ = {isa = PBXFileReference; lastKnownFileType = wrapper.framework; name = UIKit.framework; path = System/Library/Frameworks/UIKit.framework; sourceTree = SDKROOT; };
		E73FBE4513E564E400149C07 /* Foundation.framework */ = {isa = PBXFileReference; lastKnownFileType = wrapper.framework; name = Foundation.framework; path = System/Library/Frameworks/Foundation.framework; sourceTree = SDKROOT; };
		E73FBE4713E564E400149C07 /* CoreGraphics.framework */ = {isa = PBXFileReference; lastKnownFileType = wrapper.framework; name = CoreGraphics.framework; path = System/Library/Frameworks/CoreGraphics.framework; sourceTree = SDKROOT; };
		E73FBE4B13E564E400149C07 /* MagicalRecordTest-Info.plist */ = {isa = PBXFileReference; path = "MagicalRecordTest-Info.plist"; sourceTree = "<group>"; };
		E73FBE4D13E564E400149C07 /* en */ = {isa = PBXFileReference; lastKnownFileType = text.plist.strings; name = en; path = en.lproj/InfoPlist.strings; sourceTree = "<group>"; };
		E73FBE4F13E564E400149C07 /* main.m */ = {isa = PBXFileReference; lastKnownFileType = sourcecode.c.objc; path = main.m; sourceTree = "<group>"; };
		E73FBE5113E564E400149C07 /* MagicalRecordTest-Prefix.pch */ = {isa = PBXFileReference; path = "MagicalRecordTest-Prefix.pch"; sourceTree = "<group>"; };
		E73FBE5213E564E400149C07 /* MagicalRecordTestAppDelegate.h */ = {isa = PBXFileReference; path = MagicalRecordTestAppDelegate.h; sourceTree = "<group>"; };
		E73FBE5313E564E400149C07 /* MagicalRecordTestAppDelegate.m */ = {isa = PBXFileReference; lastKnownFileType = sourcecode.c.objc; path = MagicalRecordTestAppDelegate.m; sourceTree = "<group>"; };
/* End PBXFileReference section */

/* Begin PBXFrameworksBuildPhase section */
		E73FBE3C13E564E400149C07 /* Frameworks */ = {
			isa = PBXFrameworksBuildPhase;
			buildActionMask = 2147483647;
			files = (
				E73FBE4413E564E400149C07 /* UIKit.framework in Frameworks */,
				E73FBE4613E564E400149C07 /* Foundation.framework in Frameworks */,
				E73FBE4813E564E400149C07 /* CoreGraphics.framework in Frameworks */,
			);
			runOnlyForDeploymentPostprocessing = 0;
		};
/* End PBXFrameworksBuildPhase section */

/* Begin PBXGroup section */
		E73FBE3413E564E400149C07 = {
			isa = PBXGroup;
			children = (
				E73FBE4913E564E400149C07 /* MagicalRecordTest */,
				E73FBE4213E564E400149C07 /* Frameworks */,
				E73FBE4013E564E400149C07 /* Products */,
			);
			sourceTree = "<group>";
		};
		E73FBE4013E564E400149C07 /* Products */ = {
			isa = PBXGroup;
			children = (
				E73FBE3F13E564E400149C07 /* MagicalRecordTest.app */,
			);
			name = Products;
			sourceTree = "<group>";
		};
		E73FBE4213E564E400149C07 /* Frameworks */ = {
			isa = PBXGroup;
			children = (
				E73FBE4313E564E400149C07 /* UIKit.framework */,
				E73FBE4513E564E400149C07 /* Foundation.framework */,
				E73FBE4713E564E400149C07 /* CoreGraphics.framework */,
			);
			name = Frameworks;
			sourceTree = "<group>";
		};
		E73FBE4913E564E400149C07 /* MagicalRecordTest */ = {
			isa = PBXGroup;
			children = (
				E73FBE5213E564E400149C07 /* MagicalRecordTestAppDelegate.h */,
				E73FBE5313E564E400149C07 /* MagicalRecordTestAppDelegate.m */,
				E73FBE4A13E564E400149C07 /* Supporting Files */,
			);
			path = MagicalRecordTest;
			sourceTree = "<group>";
		};
		E73FBE4A13E564E400149C07 /* Supporting Files */ = {
			isa = PBXGroup;
			children = (
				E73FBE4B13E564E400149C07 /* MagicalRecordTest-Info.plist */,
				E73FBE4C13E564E400149C07 /* InfoPlist.strings */,
				E73FBE4F13E564E400149C07 /* main.m */,
				E73FBE5113E564E400149C07 /* MagicalRecordTest-Prefix.pch */,
			);
			name = "Supporting Files";
			sourceTree = "<group>";
		};
/* End PBXGroup section */

/* Begin PBXNativeTarget section */
		E73FBE3E13E564E400149C07 /* MagicalRecordTest */ = {
			isa = PBXNativeTarget;
			buildConfigurationList = E73FBE5713E564E400149C07 /* Build configuration list for PBXNativeTarget "MagicalRecordTest" */;
			buildPhases = (
				E73FBE3B13E564E400149C07 /* Sources */,
				E73FBE3C13E564E400149C07 /* Frameworks */,
				E73FBE3D13E564E400149C07 /* Resources */,
			);
			buildRules = (
			);
			dependencies = (
			);
			name = MagicalRecordTest;
			productName = MagicalRecordTest;
			productReference = E73FBE3F13E564E400149C07 /* MagicalRecordTest.app */;
			productType = "com.apple.product-type.application";
		};
/* End PBXNativeTarget section */

/* Begin PBXProject section */
		E73FBE3613E564E400149C07 /* Project object */ = {
			isa = PBXProject;
			buildConfigurationList = E73FBE3913E564E400149C07 /* Build configuration list for PBXProject "MagicalRecordTest" */;
			compatibilityVersion = "Xcode 3.2";
			developmentRegion = English;
			hasScannedForEncodings = 0;
			knownRegions = (
				en,
			);
			mainGroup = E73FBE3413E564E400149C07;
			productRefGroup = E73FBE4013E564E400149C07 /* Products */;
			projectDirPath = "";
			projectRoot = "";
			targets = (
				E73FBE3E13E564E400149C07 /* MagicalRecordTest */,
			);
		};
/* End PBXProject section */

/* Begin PBXResourcesBuildPhase section */
		E73FBE3D13E564E400149C07 /* Resources */ = {
			isa = PBXResourcesBuildPhase;
			buildActionMask = 2147483647;
			files = (
				E73FBE4E13E564E400149C07 /* InfoPlist.strings in Resources */,
			);
			runOnlyForDeploymentPostprocessing = 0;
		};
/* End PBXResourcesBuildPhase section */

/* Begin PBXSourcesBuildPhase section */
		E73FBE3B13E564E400149C07 /* Sources */ = {
			isa = PBXSourcesBuildPhase;
			buildActionMask = 2147483647;
			files = (
				E73FBE5013E564E400149C07 /* main.m in Sources */,
				E73FBE5413E564E400149C07 /* MagicalRecordTestAppDelegate.m in Sources */,
			);
			runOnlyForDeploymentPostprocessing = 0;
		};
/* End PBXSourcesBuildPhase section */

/* Begin PBXVariantGroup section */
		E73FBE4C13E564E400149C07 /* InfoPlist.strings */ = {
			isa = PBXVariantGroup;
			children = (
				E73FBE4D13E564E400149C07 /* en */,
			);
			name = InfoPlist.strings;
			sourceTree = "<group>";
		};
/* End PBXVariantGroup section */

/* Begin XCBuildConfiguration section */
		E73FBE5513E564E400149C07 /* Debug */ = {
			isa = XCBuildConfiguration;
			buildSettings = {
				ALWAYS_SEARCH_USER_PATHS = NO;
				ARCHS = "$(ARCHS_STANDARD_32_BIT)";
				CLANG_ENABLE_OBJC_ARC = YES;
				"CODE_SIGN_IDENTITY[sdk=iphoneos*]" = "iPhone Developer";
				COPY_PHASE_STRIP = NO;
				GCC_C_LANGUAGE_STANDARD = gnu99;
				GCC_DYNAMIC_NO_PIC = NO;
				GCC_OPTIMIZATION_LEVEL = 0;
				GCC_PREPROCESSOR_DEFINITIONS = (
					"DEBUG=1",
					"$(inherited)",
				);
				GCC_SYMBOLS_PRIVATE_EXTERN = NO;
				GCC_VERSION = com.apple.compilers.llvm.clang.1_0;
				GCC_WARN_ABOUT_MISSING_PROTOTYPES = YES;
				GCC_WARN_ABOUT_RETURN_TYPE = YES;
				GCC_WARN_UNUSED_VARIABLE = YES;
				IPHONEOS_DEPLOYMENT_TARGET = 5.0;
				SDKROOT = iphoneos;
			};
			name = Debug;
		};
		E73FBE5613E564E400149C07 /* Release */ = {
			isa = XCBuildConfiguration;
			buildSettings = {
				ALWAYS_SEARCH_USER_PATHS = NO;
				ARCHS = "$(ARCHS_STANDARD_32_BIT)";
				CLANG_ENABLE_OBJC_ARC = YES;
				"CODE_SIGN_IDENTITY[sdk=iphoneos*]" = "iPhone Developer";
				COPY_PHASE_STRIP = YES;
				GCC_C_LANGUAGE_STANDARD = gnu99;
				GCC_VERSION = com.apple.compilers.llvm.clang.1_0;
				GCC_WARN_ABOUT_MISSING_PROTOTYPES = YES;
				GCC_WARN_ABOUT_RETURN_TYPE = YES;
				GCC_WARN_UNUSED_VARIABLE = YES;
				IPHONEOS_DEPLOYMENT_TARGET = 5.0;
				OTHER_CFLAGS = "-DNS_BLOCK_ASSERTIONS=1";
				SDKROOT = iphoneos;
				VALIDATE_PRODUCT = YES;
			};
			name = Release;
		};
		E73FBE5813E564E400149C07 /* Debug */ = {
			isa = XCBuildConfiguration;
			buildSettings = {
				GCC_PRECOMPILE_PREFIX_HEADER = YES;
				GCC_PREFIX_HEADER = "MagicalRecordTest/MagicalRecordTest-Prefix.pch";
				INFOPLIST_FILE = "MagicalRecordTest/MagicalRecordTest-Info.plist";
				PRODUCT_NAME = "$(TARGET_NAME)";
				WRAPPER_EXTENSION = app;
			};
			name = Debug;
		};
		E73FBE5913E564E400149C07 /* Release */ = {
			isa = XCBuildConfiguration;
			buildSettings = {
				GCC_PRECOMPILE_PREFIX_HEADER = YES;
				GCC_PREFIX_HEADER = "MagicalRecordTest/MagicalRecordTest-Prefix.pch";
				INFOPLIST_FILE = "MagicalRecordTest/MagicalRecordTest-Info.plist";
				PRODUCT_NAME = "$(TARGET_NAME)";
				WRAPPER_EXTENSION = app;
			};
			name = Release;
		};
/* End XCBuildConfiguration section */

/* Begin XCConfigurationList section */
		E73FBE3913E564E400149C07 /* Build configuration list for PBXProject "MagicalRecordTest" */ = {
			isa = XCConfigurationList;
			buildConfigurations = (
				E73FBE5513E564E400149C07 /* Debug */,
				E73FBE5613E564E400149C07 /* Release */,
			);
			defaultConfigurationIsVisible = 0;
			defaultConfigurationName = Release;
		};
		E73FBE5713E564E400149C07 /* Build configuration list for PBXNativeTarget "MagicalRecordTest" */ = {
			isa = XCConfigurationList;
			buildConfigurations = (
				E73FBE5813E564E400149C07 /* Debug */,
				E73FBE5913E564E400149C07 /* Release */,
			);
			defaultConfigurationIsVisible = 0;
		};
/* End XCConfigurationList section */
	};
	rootObject = E73FBE3613E564E400149C07 /* Project object */;
}
